
Microsoft Visual Studio Solution File, Format Version 12.00
# Visual Studio Version 16
VisualStudioVersion = 16.0.809.6
MinimumVisualStudioVersion = 10.0.40219.1
Project("{FAE04EC0-301F-11D3-BF4B-00C04F79EFBC}") = "Restaurant_Menu", "Restaurant_Menu\Restaurant_Menu.csproj", "{AA2A3A49-7B9A-4446-946B-8E17317DF81C}"
EndProject
Global
	GlobalSection(SolutionConfigurationPlatforms) = preSolution
		Debug|Any CPU = Debug|Any CPU
		Release|Any CPU = Release|Any CPU
	EndGlobalSection
	GlobalSection(ProjectConfigurationPlatforms) = postSolution
		{AA2A3A49-7B9A-4446-946B-8E17317DF81C}.Debug|Any CPU.ActiveCfg = Debug|Any CPU
		{AA2A3A49-7B9A-4446-946B-8E17317DF81C}.Debug|Any CPU.Build.0 = Debug|Any CPU
		{AA2A3A49-7B9A-4446-946B-8E17317DF81C}.Release|Any CPU.ActiveCfg = Release|Any CPU
		{AA2A3A49-7B9A-4446-946B-8E17317DF81C}.Release|Any CPU.Build.0 = Release|Any CPU
	EndGlobalSection
	GlobalSection(SolutionProperties) = preSolution
		HideSolutionNode = FALSE
	EndGlobalSection
	GlobalSection(ExtensibilityGlobals) = postSolution
		SolutionGuid = {F718AFCA-8E0C-40CC-85D8-26DD1073126C}
	EndGlobalSection
EndGlobal
